
Microsoft Visual Studio Solution File, Format Version 12.00
# Visual Studio Version 17
VisualStudioVersion = 17.3.32922.545
MinimumVisualStudioVersion = 10.0.40219.1
Project("{9A19103F-16F7-4668-BE54-9A1E7A4F7556}") = "Interlocking BatterySaver by Wi-Fi", "Interlocking BatterySaver by Wi-Fi.csproj", "{4BC83C1E-4B37-4C49-BE0C-999BA189A76C}"
EndProject
Global
	GlobalSection(SolutionConfigurationPlatforms) = preSolution
		Debug|Any CPU = Debug|Any CPU
		Release|Any CPU = Release|Any CPU
	EndGlobalSection
	GlobalSection(ProjectConfigurationPlatforms) = postSolution
		{4BC83C1E-4B37-4C49-BE0C-999BA189A76C}.Debug|Any CPU.ActiveCfg = Debug|Any CPU
		{4BC83C1E-4B37-4C49-BE0C-999BA189A76C}.Debug|Any CPU.Build.0 = Debug|Any CPU
		{4BC83C1E-4B37-4C49-BE0C-999BA189A76C}.Release|Any CPU.ActiveCfg = Release|Any CPU
		{4BC83C1E-4B37-4C49-BE0C-999BA189A76C}.Release|Any CPU.Build.0 = Release|Any CPU
	EndGlobalSection
	GlobalSection(SolutionProperties) = preSolution
		HideSolutionNode = FALSE
	EndGlobalSection
	GlobalSection(ExtensibilityGlobals) = postSolution
		SolutionGuid = {5C76F469-1937-4EEA-8266-0CDA57CAE9EF}
	EndGlobalSection
EndGlobal
